{
  "sources": {
    "athens": {
      "path": "."
    },
    "chef-solo-search": {
      "locked_version": "0.5.1"
    },
    "minecraft": {
      "locked_version": "0.1.0",
      "git": "https://github.com/walkah/chef-minecraft.git",
      "ref": "6c7b2db4d4c22e39ef1eb74348d4c276bbe38a4e"
    },
    "znc": {
      "locked_version": "0.0.1",
      "git": "https://github.com/walkah/chef-znc.git",
      "ref": "1b517184360313f7498ebd958b063839ea21d79c"
    },
    "apt": {
      "locked_version": "2.3.0"
    },
    "chef-client": {
      "locked_version": "3.1.0"
    },
    "cron": {
      "locked_version": "1.2.8"
    },
    "logrotate": {
      "locked_version": "1.4.0"
    },
    "homesick": {
      "locked_version": "0.4.0"
    },
    "git": {
      "locked_version": "2.7.0"
    },
    "dmg": {
      "locked_version": "2.0.6"
    },
    "build-essential": {
      "locked_version": "1.4.2"
    },
    "yum": {
      "locked_version": "2.4.0"
    },
    "windows": {
      "locked_version": "1.11.0"
    },
    "chef_handler": {
      "locked_version": "1.1.4"
    },
    "runit": {
      "locked_version": "1.3.0"
    },
    "nginx": {
      "locked_version": "2.0.4"
    },
    "bluepill": {
      "locked_version": "2.3.0"
    },
    "rsyslog": {
      "locked_version": "1.9.0"
    },
    "ohai": {
      "locked_version": "1.1.12"
    },
    "oh-my-zsh": {
      "locked_version": "0.4.3"
    },
    "zsh": {
      "locked_version": "1.0.0"
    },
    "users": {
      "locked_version": "1.6.0"
    },
    "sudo": {
      "locked_version": "2.2.2"
    },
    "java": {
      "locked_version": "1.15.4"
    },
    "aws": {
      "locked_version": "1.0.0"
    }
  }
}
